
Microsoft Visual Studio Solution File, Format Version 12.00
# Visual Studio 2013
VisualStudioVersion = 12.0.31101.0
MinimumVisualStudioVersion = 10.0.40219.1
Project("{FAE04EC0-301F-11D3-BF4B-00C04F79EFBC}") = "WpfWindowProcedureHook", "WpfWindowProcedureHook\WpfWindowProcedureHook.csproj", "{AF1CBBBB-519B-40B6-9AFD-7F3963CBA035}"
EndProject
Global
	GlobalSection(SolutionConfigurationPlatforms) = preSolution
		Debug|Any CPU = Debug|Any CPU
		Release|Any CPU = Release|Any CPU
	EndGlobalSection
	GlobalSection(ProjectConfigurationPlatforms) = postSolution
		{AF1CBBBB-519B-40B6-9AFD-7F3963CBA035}.Debug|Any CPU.ActiveCfg = Debug|Any CPU
		{AF1CBBBB-519B-40B6-9AFD-7F3963CBA035}.Debug|Any CPU.Build.0 = Debug|Any CPU
		{AF1CBBBB-519B-40B6-9AFD-7F3963CBA035}.Release|Any CPU.ActiveCfg = Release|Any CPU
		{AF1CBBBB-519B-40B6-9AFD-7F3963CBA035}.Release|Any CPU.Build.0 = Release|Any CPU
	EndGlobalSection
	GlobalSection(SolutionProperties) = preSolution
		HideSolutionNode = FALSE
	EndGlobalSection
EndGlobal
