
Microsoft Visual Studio Solution File, Format Version 12.00
# Visual Studio 14
VisualStudioVersion = 14.0.23107.0
MinimumVisualStudioVersion = 10.0.40219.1
Project("{FAE04EC0-301F-11D3-BF4B-00C04F79EFBC}") = "WpfWindowProcedureHook", "WpfWindowProcedureHook\WpfWindowProcedureHook.csproj", "{AF1CBBBB-519B-40B6-9AFD-7F3963CBA035}"
EndProject
Project("{FAE04EC0-301F-11D3-BF4B-00C04F79EFBC}") = "Common", "Common\Common.csproj", "{6CED417F-AD41-4B26-BD6F-14694373FF4C}"
EndProject
Global
	GlobalSection(SolutionConfigurationPlatforms) = preSolution
		Debug|Any CPU = Debug|Any CPU
		Debug|x64 = Debug|x64
		Debug|x86 = Debug|x86
		Release|Any CPU = Release|Any CPU
		Release|x64 = Release|x64
		Release|x86 = Release|x86
	EndGlobalSection
	GlobalSection(ProjectConfigurationPlatforms) = postSolution
		{AF1CBBBB-519B-40B6-9AFD-7F3963CBA035}.Debug|Any CPU.ActiveCfg = Debug|Any CPU
		{AF1CBBBB-519B-40B6-9AFD-7F3963CBA035}.Debug|Any CPU.Build.0 = Debug|Any CPU
		{AF1CBBBB-519B-40B6-9AFD-7F3963CBA035}.Debug|x64.ActiveCfg = Debug|Any CPU
		{AF1CBBBB-519B-40B6-9AFD-7F3963CBA035}.Debug|x64.Build.0 = Debug|Any CPU
		{AF1CBBBB-519B-40B6-9AFD-7F3963CBA035}.Debug|x86.ActiveCfg = Debug|Any CPU
		{AF1CBBBB-519B-40B6-9AFD-7F3963CBA035}.Debug|x86.Build.0 = Debug|Any CPU
		{AF1CBBBB-519B-40B6-9AFD-7F3963CBA035}.Release|Any CPU.ActiveCfg = Release|Any CPU
		{AF1CBBBB-519B-40B6-9AFD-7F3963CBA035}.Release|Any CPU.Build.0 = Release|Any CPU
		{AF1CBBBB-519B-40B6-9AFD-7F3963CBA035}.Release|x64.ActiveCfg = Release|Any CPU
		{AF1CBBBB-519B-40B6-9AFD-7F3963CBA035}.Release|x64.Build.0 = Release|Any CPU
		{AF1CBBBB-519B-40B6-9AFD-7F3963CBA035}.Release|x86.ActiveCfg = Release|Any CPU
		{AF1CBBBB-519B-40B6-9AFD-7F3963CBA035}.Release|x86.Build.0 = Release|Any CPU
		{6CED417F-AD41-4B26-BD6F-14694373FF4C}.Debug|Any CPU.ActiveCfg = Debug|Any CPU
		{6CED417F-AD41-4B26-BD6F-14694373FF4C}.Debug|Any CPU.Build.0 = Debug|Any CPU
		{6CED417F-AD41-4B26-BD6F-14694373FF4C}.Debug|x64.ActiveCfg = Debug|Any CPU
		{6CED417F-AD41-4B26-BD6F-14694373FF4C}.Debug|x64.Build.0 = Debug|Any CPU
		{6CED417F-AD41-4B26-BD6F-14694373FF4C}.Debug|x86.ActiveCfg = Debug|Any CPU
		{6CED417F-AD41-4B26-BD6F-14694373FF4C}.Debug|x86.Build.0 = Debug|Any CPU
		{6CED417F-AD41-4B26-BD6F-14694373FF4C}.Release|Any CPU.ActiveCfg = Release|Any CPU
		{6CED417F-AD41-4B26-BD6F-14694373FF4C}.Release|Any CPU.Build.0 = Release|Any CPU
		{6CED417F-AD41-4B26-BD6F-14694373FF4C}.Release|x64.ActiveCfg = Release|Any CPU
		{6CED417F-AD41-4B26-BD6F-14694373FF4C}.Release|x64.Build.0 = Release|Any CPU
		{6CED417F-AD41-4B26-BD6F-14694373FF4C}.Release|x86.ActiveCfg = Release|Any CPU
		{6CED417F-AD41-4B26-BD6F-14694373FF4C}.Release|x86.Build.0 = Release|Any CPU
	EndGlobalSection
	GlobalSection(SolutionProperties) = preSolution
		HideSolutionNode = FALSE
	EndGlobalSection
EndGlobal
